
Microsoft Visual Studio Solution File, Format Version 12.00
# Visual Studio Version 17
VisualStudioVersion = 17.8.34316.72
MinimumVisualStudioVersion = 10.0.40219.1
Project("{FAE04EC0-301F-11D3-BF4B-00C04F79EFBC}") = "TradeMart.API", "TradeMart.API\TradeMart.API.csproj", "{1903EA40-0A5A-4C8A-B667-0BEF51D20467}"
EndProject
Global
	GlobalSection(SolutionConfigurationPlatforms) = preSolution
		Debug|Any CPU = Debug|Any CPU
		Release|Any CPU = Release|Any CPU
	EndGlobalSection
	GlobalSection(ProjectConfigurationPlatforms) = postSolution
		{1903EA40-0A5A-4C8A-B667-0BEF51D20467}.Debug|Any CPU.ActiveCfg = Debug|Any CPU
		{1903EA40-0A5A-4C8A-B667-0BEF51D20467}.Debug|Any CPU.Build.0 = Debug|Any CPU
		{1903EA40-0A5A-4C8A-B667-0BEF51D20467}.Release|Any CPU.ActiveCfg = Release|Any CPU
		{1903EA40-0A5A-4C8A-B667-0BEF51D20467}.Release|Any CPU.Build.0 = Release|Any CPU
	EndGlobalSection
	GlobalSection(SolutionProperties) = preSolution
		HideSolutionNode = FALSE
	EndGlobalSection
	GlobalSection(ExtensibilityGlobals) = postSolution
		SolutionGuid = {20CB2D37-B038-4B3F-BF55-8791ADB296CB}
	EndGlobalSection
EndGlobal
